// !$*UTF8*$!
{
	archiveVersion = 1;
	classes = {
	};
	objectVersion = 55;
	objects = {

/* Begin PBXBuildFile section */
		7814354827C77E3800A7A5EF /* PublicArt.geojson in Resources */ = {isa = PBXBuildFile; fileRef = 7814354527C77E3800A7A5EF /* PublicArt.geojson */; };
		7814354927C77E3800A7A5EF /* Artwork.swift in Sources */ = {isa = PBXBuildFile; fileRef = 7814354627C77E3800A7A5EF /* Artwork.swift */; };
		7814354A27C77E3800A7A5EF /* ArtworkViews.swift in Sources */ = {isa = PBXBuildFile; fileRef = 7814354727C77E3800A7A5EF /* ArtworkViews.swift */; };
		7835435727D872DE00A9225B /* TWArea.swift in Sources */ = {isa = PBXBuildFile; fileRef = 7835435527D872DE00A9225B /* TWArea.swift */; };
		7835435827D872DE00A9225B /* TWCity.swift in Sources */ = {isa = PBXBuildFile; fileRef = 7835435627D872DE00A9225B /* TWCity.swift */; };
		7835435B27D872EC00A9225B /* Area.json in Resources */ = {isa = PBXBuildFile; fileRef = 7835435927D872EC00A9225B /* Area.json */; };
		7835435C27D872EC00A9225B /* City.json in Resources */ = {isa = PBXBuildFile; fileRef = 7835435A27D872EC00A9225B /* City.json */; };
		7875A2DD27C77D7500B9BB18 /* AppDelegate.swift in Sources */ = {isa = PBXBuildFile; fileRef = 7875A2DC27C77D7500B9BB18 /* AppDelegate.swift */; };
		7875A2DF27C77D7500B9BB18 /* SceneDelegate.swift in Sources */ = {isa = PBXBuildFile; fileRef = 7875A2DE27C77D7500B9BB18 /* SceneDelegate.swift */; };
		7875A2E127C77D7500B9BB18 /* ViewController.swift in Sources */ = {isa = PBXBuildFile; fileRef = 7875A2E027C77D7500B9BB18 /* ViewController.swift */; };
		7875A2E427C77D7500B9BB18 /* Main.storyboard in Resources */ = {isa = PBXBuildFile; fileRef = 7875A2E227C77D7500B9BB18 /* Main.storyboard */; };
		7875A2E627C77D7500B9BB18 /* Assets.xcassets in Resources */ = {isa = PBXBuildFile; fileRef = 7875A2E527C77D7500B9BB18 /* Assets.xcassets */; };
		7875A2E927C77D7500B9BB18 /* LaunchScreen.storyboard in Resources */ = {isa = PBXBuildFile; fileRef = 7875A2E727C77D7500B9BB18 /* LaunchScreen.storyboard */; };
/* End PBXBuildFile section */

/* Begin PBXFileReference section */
		7814354527C77E3800A7A5EF /* PublicArt.geojson */ = {isa = PBXFileReference; fileEncoding = 4; lastKnownFileType = text; path = PublicArt.geojson; sourceTree = "<group>"; };
		7814354627C77E3800A7A5EF /* Artwork.swift */ = {isa = PBXFileReference; fileEncoding = 4; lastKnownFileType = sourcecode.swift; path = Artwork.swift; sourceTree = "<group>"; };
		7814354727C77E3800A7A5EF /* ArtworkViews.swift */ = {isa = PBXFileReference; fileEncoding = 4; lastKnownFileType = sourcecode.swift; path = ArtworkViews.swift; sourceTree = "<group>"; };
		7835435527D872DE00A9225B /* TWArea.swift */ = {isa = PBXFileReference; fileEncoding = 4; lastKnownFileType = sourcecode.swift; path = TWArea.swift; sourceTree = "<group>"; };
		7835435627D872DE00A9225B /* TWCity.swift */ = {isa = PBXFileReference; fileEncoding = 4; lastKnownFileType = sourcecode.swift; path = TWCity.swift; sourceTree = "<group>"; };
		7835435927D872EC00A9225B /* Area.json */ = {isa = PBXFileReference; fileEncoding = 4; lastKnownFileType = text.json; path = Area.json; sourceTree = "<group>"; };
		7835435A27D872EC00A9225B /* City.json */ = {isa = PBXFileReference; fileEncoding = 4; lastKnownFileType = text.json; path = City.json; sourceTree = "<group>"; };
		7875A2D927C77D7500B9BB18 /* UIMapKitTutorial.app */ = {isa = PBXFileReference; explicitFileType = wrapper.application; includeInIndex = 0; path = UIMapKitTutorial.app; sourceTree = BUILT_PRODUCTS_DIR; };
		7875A2DC27C77D7500B9BB18 /* AppDelegate.swift */ = {isa = PBXFileReference; lastKnownFileType = sourcecode.swift; path = AppDelegate.swift; sourceTree = "<group>"; };
		7875A2DE27C77D7500B9BB18 /* SceneDelegate.swift */ = {isa = PBXFileReference; lastKnownFileType = sourcecode.swift; path = SceneDelegate.swift; sourceTree = "<group>"; };
		7875A2E027C77D7500B9BB18 /* ViewController.swift */ = {isa = PBXFileReference; lastKnownFileType = sourcecode.swift; path = ViewController.swift; sourceTree = "<group>"; };
		7875A2E327C77D7500B9BB18 /* Base */ = {isa = PBXFileReference; lastKnownFileType = file.storyboard; name = Base; path = Base.lproj/Main.storyboard; sourceTree = "<group>"; };
		7875A2E527C77D7500B9BB18 /* Assets.xcassets */ = {isa = PBXFileReference; lastKnownFileType = folder.assetcatalog; path = Assets.xcassets; sourceTree = "<group>"; };
		7875A2E827C77D7500B9BB18 /* Base */ = {isa = PBXFileReference; lastKnownFileType = file.storyboard; name = Base; path = Base.lproj/LaunchScreen.storyboard; sourceTree = "<group>"; };
		7875A2EA27C77D7500B9BB18 /* Info.plist */ = {isa = PBXFileReference; lastKnownFileType = text.plist.xml; path = Info.plist; sourceTree = "<group>"; };
/* End PBXFileReference section */

/* Begin PBXFrameworksBuildPhase section */
		7875A2D627C77D7500B9BB18 /* Frameworks */ = {
			isa = PBXFrameworksBuildPhase;
			buildActionMask = 2147483647;
			files = (
			);
			runOnlyForDeploymentPostprocessing = 0;
		};
/* End PBXFrameworksBuildPhase section */

/* Begin PBXGroup section */
		7875A2D027C77D7500B9BB18 = {
			isa = PBXGroup;
			children = (
				7875A2DB27C77D7500B9BB18 /* UIMapKitTutorial */,
				7875A2DA27C77D7500B9BB18 /* Products */,
			);
			sourceTree = "<group>";
		};
		7875A2DA27C77D7500B9BB18 /* Products */ = {
			isa = PBXGroup;
			children = (
				7875A2D927C77D7500B9BB18 /* UIMapKitTutorial.app */,
			);
			name = Products;
			sourceTree = "<group>";
		};
		7875A2DB27C77D7500B9BB18 /* UIMapKitTutorial */ = {
			isa = PBXGroup;
			children = (
				7875A2DC27C77D7500B9BB18 /* AppDelegate.swift */,
				7875A2DE27C77D7500B9BB18 /* SceneDelegate.swift */,
				7875A2E027C77D7500B9BB18 /* ViewController.swift */,
				7875A2E727C77D7500B9BB18 /* LaunchScreen.storyboard */,
				7875A2E227C77D7500B9BB18 /* Main.storyboard */,
				7814354627C77E3800A7A5EF /* Artwork.swift */,
				7814354727C77E3800A7A5EF /* ArtworkViews.swift */,
				7835435527D872DE00A9225B /* TWArea.swift */,
				7835435627D872DE00A9225B /* TWCity.swift */,
				7835435927D872EC00A9225B /* Area.json */,
				7835435A27D872EC00A9225B /* City.json */,
				7875A2E527C77D7500B9BB18 /* Assets.xcassets */,
				7814354527C77E3800A7A5EF /* PublicArt.geojson */,
				7875A2EA27C77D7500B9BB18 /* Info.plist */,
			);
			path = UIMapKitTutorial;
			sourceTree = "<group>";
		};
/* End PBXGroup section */

/* Begin PBXNativeTarget section */
		7875A2D827C77D7500B9BB18 /* UIMapKitTutorial */ = {
			isa = PBXNativeTarget;
			buildConfigurationList = 7875A2ED27C77D7500B9BB18 /* Build configuration list for PBXNativeTarget "UIMapKitTutorial" */;
			buildPhases = (
				7875A2D527C77D7500B9BB18 /* Sources */,
				7875A2D627C77D7500B9BB18 /* Frameworks */,
				7875A2D727C77D7500B9BB18 /* Resources */,
			);
			buildRules = (
			);
			dependencies = (
			);
			name = UIMapKitTutorial;
			productName = UIMapKitTutorial;
			productReference = 7875A2D927C77D7500B9BB18 /* UIMapKitTutorial.app */;
			productType = "com.apple.product-type.application";
		};
/* End PBXNativeTarget section */

/* Begin PBXProject section */
		7875A2D127C77D7500B9BB18 /* Project object */ = {
			isa = PBXProject;
			attributes = {
				BuildIndependentTargetsInParallel = 1;
				LastSwiftUpdateCheck = 1330;
				LastUpgradeCheck = 1330;
				TargetAttributes = {
					7875A2D827C77D7500B9BB18 = {
						CreatedOnToolsVersion = 13.3;
					};
				};
			};
			buildConfigurationList = 7875A2D427C77D7500B9BB18 /* Build configuration list for PBXProject "UIMapKitTutorial" */;
			compatibilityVersion = "Xcode 13.0";
			developmentRegion = en;
			hasScannedForEncodings = 0;
			knownRegions = (
				en,
				Base,
			);
			mainGroup = 7875A2D027C77D7500B9BB18;
			productRefGroup = 7875A2DA27C77D7500B9BB18 /* Products */;
			projectDirPath = "";
			projectRoot = "";
			targets = (
				7875A2D827C77D7500B9BB18 /* UIMapKitTutorial */,
			);
		};
/* End PBXProject section */

/* Begin PBXResourcesBuildPhase section */
		7875A2D727C77D7500B9BB18 /* Resources */ = {
			isa = PBXResourcesBuildPhase;
			buildActionMask = 2147483647;
			files = (
				7875A2E927C77D7500B9BB18 /* LaunchScreen.storyboard in Resources */,
				7875A2E627C77D7500B9BB18 /* Assets.xcassets in Resources */,
				7814354827C77E3800A7A5EF /* PublicArt.geojson in Resources */,
				7875A2E427C77D7500B9BB18 /* Main.storyboard in Resources */,
				7835435C27D872EC00A9225B /* City.json in Resources */,
				7835435B27D872EC00A9225B /* Area.json in Resources */,
			);
			runOnlyForDeploymentPostprocessing = 0;
		};
/* End PBXResourcesBuildPhase section */

/* Begin PBXSourcesBuildPhase section */
		7875A2D527C77D7500B9BB18 /* Sources */ = {
			isa = PBXSourcesBuildPhase;
			buildActionMask = 2147483647;
			files = (
				7835435827D872DE00A9225B /* TWCity.swift in Sources */,
				7875A2E127C77D7500B9BB18 /* ViewController.swift in Sources */,
				7835435727D872DE00A9225B /* TWArea.swift in Sources */,
				7814354A27C77E3800A7A5EF /* ArtworkViews.swift in Sources */,
				7875A2DD27C77D7500B9BB18 /* AppDelegate.swift in Sources */,
				7814354927C77E3800A7A5EF /* Artwork.swift in Sources */,
				7875A2DF27C77D7500B9BB18 /* SceneDelegate.swift in Sources */,
			);
			runOnlyForDeploymentPostprocessing = 0;
		};
/* End PBXSourcesBuildPhase section */

/* Begin PBXVariantGroup section */
		7875A2E227C77D7500B9BB18 /* Main.storyboard */ = {
			isa = PBXVariantGroup;
			children = (
				7875A2E327C77D7500B9BB18 /* Base */,
			);
			name = Main.storyboard;
			sourceTree = "<group>";
		};
		7875A2E727C77D7500B9BB18 /* LaunchScreen.storyboard */ = {
			isa = PBXVariantGroup;
			children = (
				7875A2E827C77D7500B9BB18 /* Base */,
			);
			name = LaunchScreen.storyboard;
			sourceTree = "<group>";
		};
/* End PBXVariantGroup section */

/* Begin XCBuildConfiguration section */
		7875A2EB27C77D7500B9BB18 /* Debug */ = {
			isa = XCBuildConfiguration;
			buildSettings = {
				ALWAYS_SEARCH_USER_PATHS = NO;
				CLANG_ANALYZER_NONNULL = YES;
				CLANG_ANALYZER_NUMBER_OBJECT_CONVERSION = YES_AGGRESSIVE;
				CLANG_CXX_LANGUAGE_STANDARD = "gnu++17";
				CLANG_ENABLE_MODULES = YES;
				CLANG_ENABLE_OBJC_ARC = YES;
				CLANG_ENABLE_OBJC_WEAK = YES;
				CLANG_WARN_BLOCK_CAPTURE_AUTORELEASING = YES;
				CLANG_WARN_BOOL_CONVERSION = YES;
				CLANG_WARN_COMMA = YES;
				CLANG_WARN_CONSTANT_CONVERSION = YES;
				CLANG_WARN_DEPRECATED_OBJC_IMPLEMENTATIONS = YES;
				CLANG_WARN_DIRECT_OBJC_ISA_USAGE = YES_ERROR;
				CLANG_WARN_DOCUMENTATION_COMMENTS = YES;
				CLANG_WARN_EMPTY_BODY = YES;
				CLANG_WARN_ENUM_CONVERSION = YES;
				CLANG_WARN_INFINITE_RECURSION = YES;
				CLANG_WARN_INT_CONVERSION = YES;
				CLANG_WARN_NON_LITERAL_NULL_CONVERSION = YES;
				CLANG_WARN_OBJC_IMPLICIT_RETAIN_SELF = YES;
				CLANG_WARN_OBJC_LITERAL_CONVERSION = YES;
				CLANG_WARN_OBJC_ROOT_CLASS = YES_ERROR;
				CLANG_WARN_QUOTED_INCLUDE_IN_FRAMEWORK_HEADER = YES;
				CLANG_WARN_RANGE_LOOP_ANALYSIS = YES;
				CLANG_WARN_STRICT_PROTOTYPES = YES;
				CLANG_WARN_SUSPICIOUS_MOVE = YES;
				CLANG_WARN_UNGUARDED_AVAILABILITY = YES_AGGRESSIVE;
				CLANG_WARN_UNREACHABLE_CODE = YES;
				CLANG_WARN__DUPLICATE_METHOD_MATCH = YES;
				COPY_PHASE_STRIP = NO;
				DEBUG_INFORMATION_FORMAT = dwarf;
				ENABLE_STRICT_OBJC_MSGSEND = YES;
				ENABLE_TESTABILITY = YES;
				GCC_C_LANGUAGE_STANDARD = gnu11;
				GCC_DYNAMIC_NO_PIC = NO;
				GCC_NO_COMMON_BLOCKS = YES;
				GCC_OPTIMIZATION_LEVEL = 0;
				GCC_PREPROCESSOR_DEFINITIONS = (
					"DEBUG=1",
					"$(inherited)",
				);
				GCC_WARN_64_TO_32_BIT_CONVERSION = YES;
				GCC_WARN_ABOUT_RETURN_TYPE = YES_ERROR;
				GCC_WARN_UNDECLARED_SELECTOR = YES;
				GCC_WARN_UNINITIALIZED_AUTOS = YES_AGGRESSIVE;
				GCC_WARN_UNUSED_FUNCTION = YES;
				GCC_WARN_UNUSED_VARIABLE = YES;
				IPHONEOS_DEPLOYMENT_TARGET = 15.4;
				MTL_ENABLE_DEBUG_INFO = INCLUDE_SOURCE;
				MTL_FAST_MATH = YES;
				ONLY_ACTIVE_ARCH = YES;
				SDKROOT = iphoneos;
				SWIFT_ACTIVE_COMPILATION_CONDITIONS = DEBUG;
				SWIFT_OPTIMIZATION_LEVEL = "-Onone";
			};
			name = Debug;
		};
		7875A2EC27C77D7500B9BB18 /* Release */ = {
			isa = XCBuildConfiguration;
			buildSettings = {
				ALWAYS_SEARCH_USER_PATHS = NO;
				CLANG_ANALYZER_NONNULL = YES;
				CLANG_ANALYZER_NUMBER_OBJECT_CONVERSION = YES_AGGRESSIVE;
				CLANG_CXX_LANGUAGE_STANDARD = "gnu++17";
				CLANG_ENABLE_MODULES = YES;
				CLANG_ENABLE_OBJC_ARC = YES;
				CLANG_ENABLE_OBJC_WEAK = YES;
				CLANG_WARN_BLOCK_CAPTURE_AUTORELEASING = YES;
				CLANG_WARN_BOOL_CONVERSION = YES;
				CLANG_WARN_COMMA = YES;
				CLANG_WARN_CONSTANT_CONVERSION = YES;
				CLANG_WARN_DEPRECATED_OBJC_IMPLEMENTATIONS = YES;
				CLANG_WARN_DIRECT_OBJC_ISA_USAGE = YES_ERROR;
				CLANG_WARN_DOCUMENTATION_COMMENTS = YES;
				CLANG_WARN_EMPTY_BODY = YES;
				CLANG_WARN_ENUM_CONVERSION = YES;
				CLANG_WARN_INFINITE_RECURSION = YES;
				CLANG_WARN_INT_CONVERSION = YES;
				CLANG_WARN_NON_LITERAL_NULL_CONVERSION = YES;
				CLANG_WARN_OBJC_IMPLICIT_RETAIN_SELF = YES;
				CLANG_WARN_OBJC_LITERAL_CONVERSION = YES;
				CLANG_WARN_OBJC_ROOT_CLASS = YES_ERROR;
				CLANG_WARN_QUOTED_INCLUDE_IN_FRAMEWORK_HEADER = YES;
				CLANG_WARN_RANGE_LOOP_ANALYSIS = YES;
				CLANG_WARN_STRICT_PROTOTYPES = YES;
				CLANG_WARN_SUSPICIOUS_MOVE = YES;
				CLANG_WARN_UNGUARDED_AVAILABILITY = YES_AGGRESSIVE;
				CLANG_WARN_UNREACHABLE_CODE = YES;
				CLANG_WARN__DUPLICATE_METHOD_MATCH = YES;
				COPY_PHASE_STRIP = NO;
				DEBUG_INFORMATION_FORMAT = "dwarf-with-dsym";
				ENABLE_NS_ASSERTIONS = NO;
				ENABLE_STRICT_OBJC_MSGSEND = YES;
				GCC_C_LANGUAGE_STANDARD = gnu11;
				GCC_NO_COMMON_BLOCKS = YES;
				GCC_WARN_64_TO_32_BIT_CONVERSION = YES;
				GCC_WARN_ABOUT_RETURN_TYPE = YES_ERROR;
				GCC_WARN_UNDECLARED_SELECTOR = YES;
				GCC_WARN_UNINITIALIZED_AUTOS = YES_AGGRESSIVE;
				GCC_WARN_UNUSED_FUNCTION = YES;
				GCC_WARN_UNUSED_VARIABLE = YES;
				IPHONEOS_DEPLOYMENT_TARGET = 15.4;
				MTL_ENABLE_DEBUG_INFO = NO;
				MTL_FAST_MATH = YES;
				SDKROOT = iphoneos;
				SWIFT_COMPILATION_MODE = wholemodule;
				SWIFT_OPTIMIZATION_LEVEL = "-O";
				VALIDATE_PRODUCT = YES;
			};
			name = Release;
		};
		7875A2EE27C77D7500B9BB18 /* Debug */ = {
			isa = XCBuildConfiguration;
			buildSettings = {
				ASSETCATALOG_COMPILER_APPICON_NAME = AppIcon;
				ASSETCATALOG_COMPILER_GLOBAL_ACCENT_COLOR_NAME = AccentColor;
				CODE_SIGN_STYLE = Automatic;
				CURRENT_PROJECT_VERSION = 1;
				DEVELOPMENT_TEAM = 97BD48DZC7;
				GENERATE_INFOPLIST_FILE = YES;
				INFOPLIST_FILE = UIMapKitTutorial/Info.plist;
				INFOPLIST_KEY_UIApplicationSupportsIndirectInputEvents = YES;
				INFOPLIST_KEY_UILaunchStoryboardName = LaunchScreen;
				INFOPLIST_KEY_UIMainStoryboardFile = Main;
				INFOPLIST_KEY_UISupportedInterfaceOrientations_iPad = "UIInterfaceOrientationPortrait UIInterfaceOrientationPortraitUpsideDown UIInterfaceOrientationLandscapeLeft UIInterfaceOrientationLandscapeRight";
				INFOPLIST_KEY_UISupportedInterfaceOrientations_iPhone = "UIInterfaceOrientationPortrait UIInterfaceOrientationLandscapeLeft UIInterfaceOrientationLandscapeRight";
				IPHONEOS_DEPLOYMENT_TARGET = 13.0;
				LD_RUNPATH_SEARCH_PATHS = (
					"$(inherited)",
					"@executable_path/Frameworks",
				);
				MARKETING_VERSION = 1.0;
				PRODUCT_BUNDLE_IDENTIFIER = tw.com.BruceHuang.UIMapKitTutorial;
				PRODUCT_NAME = "$(TARGET_NAME)";
				SWIFT_EMIT_LOC_STRINGS = YES;
				SWIFT_VERSION = 5.0;
				TARGETED_DEVICE_FAMILY = "1,2";
			};
			name = Debug;
		};
		7875A2EF27C77D7500B9BB18 /* Release */ = {
			isa = XCBuildConfiguration;
			buildSettings = {
				ASSETCATALOG_COMPILER_APPICON_NAME = AppIcon;
				ASSETCATALOG_COMPILER_GLOBAL_ACCENT_COLOR_NAME = AccentColor;
				CODE_SIGN_STYLE = Automatic;
				CURRENT_PROJECT_VERSION = 1;
				DEVELOPMENT_TEAM = 97BD48DZC7;
				GENERATE_INFOPLIST_FILE = YES;
				INFOPLIST_FILE = UIMapKitTutorial/Info.plist;
				INFOPLIST_KEY_UIApplicationSupportsIndirectInputEvents = YES;
				INFOPLIST_KEY_UILaunchStoryboardName = LaunchScreen;
				INFOPLIST_KEY_UIMainStoryboardFile = Main;
				INFOPLIST_KEY_UISupportedInterfaceOrientations_iPad = "UIInterfaceOrientationPortrait UIInterfaceOrientationPortraitUpsideDown UIInterfaceOrientationLandscapeLeft UIInterfaceOrientationLandscapeRight";
				INFOPLIST_KEY_UISupportedInterfaceOrientations_iPhone = "UIInterfaceOrientationPortrait UIInterfaceOrientationLandscapeLeft UIInterfaceOrientationLandscapeRight";
				IPHONEOS_DEPLOYMENT_TARGET = 13.0;
				LD_RUNPATH_SEARCH_PATHS = (
					"$(inherited)",
					"@executable_path/Frameworks",
				);
				MARKETING_VERSION = 1.0;
				PRODUCT_BUNDLE_IDENTIFIER = tw.com.BruceHuang.UIMapKitTutorial;
				PRODUCT_NAME = "$(TARGET_NAME)";
				SWIFT_EMIT_LOC_STRINGS = YES;
				SWIFT_VERSION = 5.0;
				TARGETED_DEVICE_FAMILY = "1,2";
			};
			name = Release;
		};
/* End XCBuildConfiguration section */

/* Begin XCConfigurationList section */
		7875A2D427C77D7500B9BB18 /* Build configuration list for PBXProject "UIMapKitTutorial" */ = {
			isa = XCConfigurationList;
			buildConfigurations = (
				7875A2EB27C77D7500B9BB18 /* Debug */,
				7875A2EC27C77D7500B9BB18 /* Release */,
			);
			defaultConfigurationIsVisible = 0;
			defaultConfigurationName = Release;
		};
		7875A2ED27C77D7500B9BB18 /* Build configuration list for PBXNativeTarget "UIMapKitTutorial" */ = {
			isa = XCConfigurationList;
			buildConfigurations = (
				7875A2EE27C77D7500B9BB18 /* Debug */,
				7875A2EF27C77D7500B9BB18 /* Release */,
			);
			defaultConfigurationIsVisible = 0;
			defaultConfigurationName = Release;
		};
/* End XCConfigurationList section */
	};
	rootObject = 7875A2D127C77D7500B9BB18 /* Project object */;
}
