// !$*UTF8*$!
{
	archiveVersion = 1;
	classes = {
	};
	objectVersion = 55;
	objects = {

/* Begin PBXBuildFile section */
		78094EB327C891D9003ECAA3 /* UIMapView.swift in Sources */ = {isa = PBXBuildFile; fileRef = 78094EB227C891D9003ECAA3 /* UIMapView.swift */; };
		78094EB727C928A6003ECAA3 /* UIMapCoordinator.swift in Sources */ = {isa = PBXBuildFile; fileRef = 78094EB627C928A6003ECAA3 /* UIMapCoordinator.swift */; };
		7835434E27D78E1500A9225B /* City.json in Resources */ = {isa = PBXBuildFile; fileRef = 7835434C27D78E1500A9225B /* City.json */; };
		7835434F27D78E1500A9225B /* Area.json in Resources */ = {isa = PBXBuildFile; fileRef = 7835434D27D78E1500A9225B /* Area.json */; };
		7835435127D78E7800A9225B /* TWCity.swift in Sources */ = {isa = PBXBuildFile; fileRef = 7835435027D78E7800A9225B /* TWCity.swift */; };
		7835435327D78E9300A9225B /* TWArea.swift in Sources */ = {isa = PBXBuildFile; fileRef = 7835435227D78E9300A9225B /* TWArea.swift */; };
		7876627027C7D47000D27282 /* SwiftUIMapKitTutorialApp.swift in Sources */ = {isa = PBXBuildFile; fileRef = 7876626F27C7D47000D27282 /* SwiftUIMapKitTutorialApp.swift */; };
		7876627227C7D47000D27282 /* ContentView.swift in Sources */ = {isa = PBXBuildFile; fileRef = 7876627127C7D47000D27282 /* ContentView.swift */; };
		7876627427C7D47100D27282 /* Assets.xcassets in Resources */ = {isa = PBXBuildFile; fileRef = 7876627327C7D47100D27282 /* Assets.xcassets */; };
		7876627727C7D47100D27282 /* Preview Assets.xcassets in Resources */ = {isa = PBXBuildFile; fileRef = 7876627627C7D47100D27282 /* Preview Assets.xcassets */; };
		7876627E27C7D4BC00D27282 /* MapView.swift in Sources */ = {isa = PBXBuildFile; fileRef = 7876627D27C7D4BC00D27282 /* MapView.swift */; };
		787D040927D8960C008BA6D9 /* CircleAnnotationView.swift in Sources */ = {isa = PBXBuildFile; fileRef = 787D040827D8960C008BA6D9 /* CircleAnnotationView.swift */; };
		7885293127E5E19C00567103 /* BottomSheetView.swift in Sources */ = {isa = PBXBuildFile; fileRef = 7885293027E5E19C00567103 /* BottomSheetView.swift */; };
/* End PBXBuildFile section */

/* Begin PBXFileReference section */
		78094EB227C891D9003ECAA3 /* UIMapView.swift */ = {isa = PBXFileReference; lastKnownFileType = sourcecode.swift; path = UIMapView.swift; sourceTree = "<group>"; };
		78094EB627C928A6003ECAA3 /* UIMapCoordinator.swift */ = {isa = PBXFileReference; lastKnownFileType = sourcecode.swift; path = UIMapCoordinator.swift; sourceTree = "<group>"; };
		7835434C27D78E1500A9225B /* City.json */ = {isa = PBXFileReference; fileEncoding = 4; lastKnownFileType = text.json; path = City.json; sourceTree = "<group>"; };
		7835434D27D78E1500A9225B /* Area.json */ = {isa = PBXFileReference; fileEncoding = 4; lastKnownFileType = text.json; path = Area.json; sourceTree = "<group>"; };
		7835435027D78E7800A9225B /* TWCity.swift */ = {isa = PBXFileReference; lastKnownFileType = sourcecode.swift; path = TWCity.swift; sourceTree = "<group>"; };
		7835435227D78E9300A9225B /* TWArea.swift */ = {isa = PBXFileReference; lastKnownFileType = sourcecode.swift; path = TWArea.swift; sourceTree = "<group>"; };
		7876626C27C7D47000D27282 /* SwiftUIMapKitTutorial.app */ = {isa = PBXFileReference; explicitFileType = wrapper.application; includeInIndex = 0; path = SwiftUIMapKitTutorial.app; sourceTree = BUILT_PRODUCTS_DIR; };
		7876626F27C7D47000D27282 /* SwiftUIMapKitTutorialApp.swift */ = {isa = PBXFileReference; lastKnownFileType = sourcecode.swift; path = SwiftUIMapKitTutorialApp.swift; sourceTree = "<group>"; };
		7876627127C7D47000D27282 /* ContentView.swift */ = {isa = PBXFileReference; lastKnownFileType = sourcecode.swift; path = ContentView.swift; sourceTree = "<group>"; };
		7876627327C7D47100D27282 /* Assets.xcassets */ = {isa = PBXFileReference; lastKnownFileType = folder.assetcatalog; path = Assets.xcassets; sourceTree = "<group>"; };
		7876627627C7D47100D27282 /* Preview Assets.xcassets */ = {isa = PBXFileReference; lastKnownFileType = folder.assetcatalog; path = "Preview Assets.xcassets"; sourceTree = "<group>"; };
		7876627D27C7D4BC00D27282 /* MapView.swift */ = {isa = PBXFileReference; lastKnownFileType = sourcecode.swift; path = MapView.swift; sourceTree = "<group>"; };
		787D040827D8960C008BA6D9 /* CircleAnnotationView.swift */ = {isa = PBXFileReference; lastKnownFileType = sourcecode.swift; path = CircleAnnotationView.swift; sourceTree = "<group>"; };
		7885293027E5E19C00567103 /* BottomSheetView.swift */ = {isa = PBXFileReference; lastKnownFileType = sourcecode.swift; path = BottomSheetView.swift; sourceTree = "<group>"; };
/* End PBXFileReference section */

/* Begin PBXFrameworksBuildPhase section */
		7876626927C7D47000D27282 /* Frameworks */ = {
			isa = PBXFrameworksBuildPhase;
			buildActionMask = 2147483647;
			files = (
			);
			runOnlyForDeploymentPostprocessing = 0;
		};
/* End PBXFrameworksBuildPhase section */

/* Begin PBXGroup section */
		7835435427D78E9700A9225B /* Entity */ = {
			isa = PBXGroup;
			children = (
				7835435027D78E7800A9225B /* TWCity.swift */,
				7835435227D78E9300A9225B /* TWArea.swift */,
			);
			path = Entity;
			sourceTree = "<group>";
		};
		7876626327C7D47000D27282 = {
			isa = PBXGroup;
			children = (
				7876626E27C7D47000D27282 /* SwiftUIMapKitTutorial */,
				7876626D27C7D47000D27282 /* Products */,
			);
			sourceTree = "<group>";
		};
		7876626D27C7D47000D27282 /* Products */ = {
			isa = PBXGroup;
			children = (
				7876626C27C7D47000D27282 /* SwiftUIMapKitTutorial.app */,
			);
			name = Products;
			sourceTree = "<group>";
		};
		7876626E27C7D47000D27282 /* SwiftUIMapKitTutorial */ = {
			isa = PBXGroup;
			children = (
				7885292F27E5E17E00567103 /* BottomSheet */,
				7835435427D78E9700A9225B /* Entity */,
				7876626F27C7D47000D27282 /* SwiftUIMapKitTutorialApp.swift */,
				7876627127C7D47000D27282 /* ContentView.swift */,
				7876627D27C7D4BC00D27282 /* MapView.swift */,
				78094EB227C891D9003ECAA3 /* UIMapView.swift */,
				78094EB627C928A6003ECAA3 /* UIMapCoordinator.swift */,
				787D040827D8960C008BA6D9 /* CircleAnnotationView.swift */,
				7835434D27D78E1500A9225B /* Area.json */,
				7835434C27D78E1500A9225B /* City.json */,
				7876627327C7D47100D27282 /* Assets.xcassets */,
				7876627527C7D47100D27282 /* Preview Content */,
			);
			path = SwiftUIMapKitTutorial;
			sourceTree = "<group>";
		};
		7876627527C7D47100D27282 /* Preview Content */ = {
			isa = PBXGroup;
			children = (
				7876627627C7D47100D27282 /* Preview Assets.xcassets */,
			);
			path = "Preview Content";
			sourceTree = "<group>";
		};
		7885292F27E5E17E00567103 /* BottomSheet */ = {
			isa = PBXGroup;
			children = (
				7885293027E5E19C00567103 /* BottomSheetView.swift */,
			);
			path = BottomSheet;
			sourceTree = "<group>";
		};
/* End PBXGroup section */

/* Begin PBXNativeTarget section */
		7876626B27C7D47000D27282 /* SwiftUIMapKitTutorial */ = {
			isa = PBXNativeTarget;
			buildConfigurationList = 7876627A27C7D47100D27282 /* Build configuration list for PBXNativeTarget "SwiftUIMapKitTutorial" */;
			buildPhases = (
				7876626827C7D47000D27282 /* Sources */,
				7876626927C7D47000D27282 /* Frameworks */,
				7876626A27C7D47000D27282 /* Resources */,
			);
			buildRules = (
			);
			dependencies = (
			);
			name = SwiftUIMapKitTutorial;
			productName = SwiftUIMapKitTutorial;
			productReference = 7876626C27C7D47000D27282 /* SwiftUIMapKitTutorial.app */;
			productType = "com.apple.product-type.application";
		};
/* End PBXNativeTarget section */

/* Begin PBXProject section */
		7876626427C7D47000D27282 /* Project object */ = {
			isa = PBXProject;
			attributes = {
				BuildIndependentTargetsInParallel = 1;
				LastSwiftUpdateCheck = 1330;
				LastUpgradeCheck = 1330;
				TargetAttributes = {
					7876626B27C7D47000D27282 = {
						CreatedOnToolsVersion = 13.3;
					};
				};
			};
			buildConfigurationList = 7876626727C7D47000D27282 /* Build configuration list for PBXProject "SwiftUIMapKitTutorial" */;
			compatibilityVersion = "Xcode 13.0";
			developmentRegion = en;
			hasScannedForEncodings = 0;
			knownRegions = (
				en,
				Base,
			);
			mainGroup = 7876626327C7D47000D27282;
			productRefGroup = 7876626D27C7D47000D27282 /* Products */;
			projectDirPath = "";
			projectRoot = "";
			targets = (
				7876626B27C7D47000D27282 /* SwiftUIMapKitTutorial */,
			);
		};
/* End PBXProject section */

/* Begin PBXResourcesBuildPhase section */
		7876626A27C7D47000D27282 /* Resources */ = {
			isa = PBXResourcesBuildPhase;
			buildActionMask = 2147483647;
			files = (
				7876627727C7D47100D27282 /* Preview Assets.xcassets in Resources */,
				7835434E27D78E1500A9225B /* City.json in Resources */,
				7835434F27D78E1500A9225B /* Area.json in Resources */,
				7876627427C7D47100D27282 /* Assets.xcassets in Resources */,
			);
			runOnlyForDeploymentPostprocessing = 0;
		};
/* End PBXResourcesBuildPhase section */

/* Begin PBXSourcesBuildPhase section */
		7876626827C7D47000D27282 /* Sources */ = {
			isa = PBXSourcesBuildPhase;
			buildActionMask = 2147483647;
			files = (
				7876627227C7D47000D27282 /* ContentView.swift in Sources */,
				7835435327D78E9300A9225B /* TWArea.swift in Sources */,
				7885293127E5E19C00567103 /* BottomSheetView.swift in Sources */,
				78094EB327C891D9003ECAA3 /* UIMapView.swift in Sources */,
				7835435127D78E7800A9225B /* TWCity.swift in Sources */,
				78094EB727C928A6003ECAA3 /* UIMapCoordinator.swift in Sources */,
				787D040927D8960C008BA6D9 /* CircleAnnotationView.swift in Sources */,
				7876627E27C7D4BC00D27282 /* MapView.swift in Sources */,
				7876627027C7D47000D27282 /* SwiftUIMapKitTutorialApp.swift in Sources */,
			);
			runOnlyForDeploymentPostprocessing = 0;
		};
/* End PBXSourcesBuildPhase section */

/* Begin XCBuildConfiguration section */
		7876627827C7D47100D27282 /* Debug */ = {
			isa = XCBuildConfiguration;
			buildSettings = {
				ALWAYS_SEARCH_USER_PATHS = NO;
				CLANG_ANALYZER_NONNULL = YES;
				CLANG_ANALYZER_NUMBER_OBJECT_CONVERSION = YES_AGGRESSIVE;
				CLANG_CXX_LANGUAGE_STANDARD = "gnu++17";
				CLANG_ENABLE_MODULES = YES;
				CLANG_ENABLE_OBJC_ARC = YES;
				CLANG_ENABLE_OBJC_WEAK = YES;
				CLANG_WARN_BLOCK_CAPTURE_AUTORELEASING = YES;
				CLANG_WARN_BOOL_CONVERSION = YES;
				CLANG_WARN_COMMA = YES;
				CLANG_WARN_CONSTANT_CONVERSION = YES;
				CLANG_WARN_DEPRECATED_OBJC_IMPLEMENTATIONS = YES;
				CLANG_WARN_DIRECT_OBJC_ISA_USAGE = YES_ERROR;
				CLANG_WARN_DOCUMENTATION_COMMENTS = YES;
				CLANG_WARN_EMPTY_BODY = YES;
				CLANG_WARN_ENUM_CONVERSION = YES;
				CLANG_WARN_INFINITE_RECURSION = YES;
				CLANG_WARN_INT_CONVERSION = YES;
				CLANG_WARN_NON_LITERAL_NULL_CONVERSION = YES;
				CLANG_WARN_OBJC_IMPLICIT_RETAIN_SELF = YES;
				CLANG_WARN_OBJC_LITERAL_CONVERSION = YES;
				CLANG_WARN_OBJC_ROOT_CLASS = YES_ERROR;
				CLANG_WARN_QUOTED_INCLUDE_IN_FRAMEWORK_HEADER = YES;
				CLANG_WARN_RANGE_LOOP_ANALYSIS = YES;
				CLANG_WARN_STRICT_PROTOTYPES = YES;
				CLANG_WARN_SUSPICIOUS_MOVE = YES;
				CLANG_WARN_UNGUARDED_AVAILABILITY = YES_AGGRESSIVE;
				CLANG_WARN_UNREACHABLE_CODE = YES;
				CLANG_WARN__DUPLICATE_METHOD_MATCH = YES;
				COPY_PHASE_STRIP = NO;
				DEBUG_INFORMATION_FORMAT = dwarf;
				ENABLE_STRICT_OBJC_MSGSEND = YES;
				ENABLE_TESTABILITY = YES;
				GCC_C_LANGUAGE_STANDARD = gnu11;
				GCC_DYNAMIC_NO_PIC = NO;
				GCC_NO_COMMON_BLOCKS = YES;
				GCC_OPTIMIZATION_LEVEL = 0;
				GCC_PREPROCESSOR_DEFINITIONS = (
					"DEBUG=1",
					"$(inherited)",
				);
				GCC_WARN_64_TO_32_BIT_CONVERSION = YES;
				GCC_WARN_ABOUT_RETURN_TYPE = YES_ERROR;
				GCC_WARN_UNDECLARED_SELECTOR = YES;
				GCC_WARN_UNINITIALIZED_AUTOS = YES_AGGRESSIVE;
				GCC_WARN_UNUSED_FUNCTION = YES;
				GCC_WARN_UNUSED_VARIABLE = YES;
				IPHONEOS_DEPLOYMENT_TARGET = 15.4;
				MTL_ENABLE_DEBUG_INFO = INCLUDE_SOURCE;
				MTL_FAST_MATH = YES;
				ONLY_ACTIVE_ARCH = YES;
				SDKROOT = iphoneos;
				SWIFT_ACTIVE_COMPILATION_CONDITIONS = DEBUG;
				SWIFT_OPTIMIZATION_LEVEL = "-Onone";
			};
			name = Debug;
		};
		7876627927C7D47100D27282 /* Release */ = {
			isa = XCBuildConfiguration;
			buildSettings = {
				ALWAYS_SEARCH_USER_PATHS = NO;
				CLANG_ANALYZER_NONNULL = YES;
				CLANG_ANALYZER_NUMBER_OBJECT_CONVERSION = YES_AGGRESSIVE;
				CLANG_CXX_LANGUAGE_STANDARD = "gnu++17";
				CLANG_ENABLE_MODULES = YES;
				CLANG_ENABLE_OBJC_ARC = YES;
				CLANG_ENABLE_OBJC_WEAK = YES;
				CLANG_WARN_BLOCK_CAPTURE_AUTORELEASING = YES;
				CLANG_WARN_BOOL_CONVERSION = YES;
				CLANG_WARN_COMMA = YES;
				CLANG_WARN_CONSTANT_CONVERSION = YES;
				CLANG_WARN_DEPRECATED_OBJC_IMPLEMENTATIONS = YES;
				CLANG_WARN_DIRECT_OBJC_ISA_USAGE = YES_ERROR;
				CLANG_WARN_DOCUMENTATION_COMMENTS = YES;
				CLANG_WARN_EMPTY_BODY = YES;
				CLANG_WARN_ENUM_CONVERSION = YES;
				CLANG_WARN_INFINITE_RECURSION = YES;
				CLANG_WARN_INT_CONVERSION = YES;
				CLANG_WARN_NON_LITERAL_NULL_CONVERSION = YES;
				CLANG_WARN_OBJC_IMPLICIT_RETAIN_SELF = YES;
				CLANG_WARN_OBJC_LITERAL_CONVERSION = YES;
				CLANG_WARN_OBJC_ROOT_CLASS = YES_ERROR;
				CLANG_WARN_QUOTED_INCLUDE_IN_FRAMEWORK_HEADER = YES;
				CLANG_WARN_RANGE_LOOP_ANALYSIS = YES;
				CLANG_WARN_STRICT_PROTOTYPES = YES;
				CLANG_WARN_SUSPICIOUS_MOVE = YES;
				CLANG_WARN_UNGUARDED_AVAILABILITY = YES_AGGRESSIVE;
				CLANG_WARN_UNREACHABLE_CODE = YES;
				CLANG_WARN__DUPLICATE_METHOD_MATCH = YES;
				COPY_PHASE_STRIP = NO;
				DEBUG_INFORMATION_FORMAT = "dwarf-with-dsym";
				ENABLE_NS_ASSERTIONS = NO;
				ENABLE_STRICT_OBJC_MSGSEND = YES;
				GCC_C_LANGUAGE_STANDARD = gnu11;
				GCC_NO_COMMON_BLOCKS = YES;
				GCC_WARN_64_TO_32_BIT_CONVERSION = YES;
				GCC_WARN_ABOUT_RETURN_TYPE = YES_ERROR;
				GCC_WARN_UNDECLARED_SELECTOR = YES;
				GCC_WARN_UNINITIALIZED_AUTOS = YES_AGGRESSIVE;
				GCC_WARN_UNUSED_FUNCTION = YES;
				GCC_WARN_UNUSED_VARIABLE = YES;
				IPHONEOS_DEPLOYMENT_TARGET = 15.4;
				MTL_ENABLE_DEBUG_INFO = NO;
				MTL_FAST_MATH = YES;
				SDKROOT = iphoneos;
				SWIFT_COMPILATION_MODE = wholemodule;
				SWIFT_OPTIMIZATION_LEVEL = "-O";
				VALIDATE_PRODUCT = YES;
			};
			name = Release;
		};
		7876627B27C7D47100D27282 /* Debug */ = {
			isa = XCBuildConfiguration;
			buildSettings = {
				ASSETCATALOG_COMPILER_APPICON_NAME = AppIcon;
				ASSETCATALOG_COMPILER_GLOBAL_ACCENT_COLOR_NAME = AccentColor;
				CODE_SIGN_STYLE = Automatic;
				CURRENT_PROJECT_VERSION = 1;
				DEVELOPMENT_ASSET_PATHS = "\"SwiftUIMapKitTutorial/Preview Content\"";
				DEVELOPMENT_TEAM = 97BD48DZC7;
				ENABLE_PREVIEWS = YES;
				GENERATE_INFOPLIST_FILE = YES;
				INFOPLIST_KEY_UIApplicationSceneManifest_Generation = YES;
				INFOPLIST_KEY_UIApplicationSupportsIndirectInputEvents = YES;
				INFOPLIST_KEY_UILaunchScreen_Generation = YES;
				INFOPLIST_KEY_UISupportedInterfaceOrientations_iPad = "UIInterfaceOrientationPortrait UIInterfaceOrientationPortraitUpsideDown UIInterfaceOrientationLandscapeLeft UIInterfaceOrientationLandscapeRight";
				INFOPLIST_KEY_UISupportedInterfaceOrientations_iPhone = "UIInterfaceOrientationPortrait UIInterfaceOrientationLandscapeLeft UIInterfaceOrientationLandscapeRight";
				IPHONEOS_DEPLOYMENT_TARGET = 15.0;
				LD_RUNPATH_SEARCH_PATHS = (
					"$(inherited)",
					"@executable_path/Frameworks",
				);
				MARKETING_VERSION = 1.0;
				PRODUCT_BUNDLE_IDENTIFIER = tw.com.BruceHuang.SwiftUIMapKitTutorial;
				PRODUCT_NAME = "$(TARGET_NAME)";
				SWIFT_EMIT_LOC_STRINGS = YES;
				SWIFT_VERSION = 5.0;
				TARGETED_DEVICE_FAMILY = "1,2";
			};
			name = Debug;
		};
		7876627C27C7D47100D27282 /* Release */ = {
			isa = XCBuildConfiguration;
			buildSettings = {
				ASSETCATALOG_COMPILER_APPICON_NAME = AppIcon;
				ASSETCATALOG_COMPILER_GLOBAL_ACCENT_COLOR_NAME = AccentColor;
				CODE_SIGN_STYLE = Automatic;
				CURRENT_PROJECT_VERSION = 1;
				DEVELOPMENT_ASSET_PATHS = "\"SwiftUIMapKitTutorial/Preview Content\"";
				DEVELOPMENT_TEAM = 97BD48DZC7;
				ENABLE_PREVIEWS = YES;
				GENERATE_INFOPLIST_FILE = YES;
				INFOPLIST_KEY_UIApplicationSceneManifest_Generation = YES;
				INFOPLIST_KEY_UIApplicationSupportsIndirectInputEvents = YES;
				INFOPLIST_KEY_UILaunchScreen_Generation = YES;
				INFOPLIST_KEY_UISupportedInterfaceOrientations_iPad = "UIInterfaceOrientationPortrait UIInterfaceOrientationPortraitUpsideDown UIInterfaceOrientationLandscapeLeft UIInterfaceOrientationLandscapeRight";
				INFOPLIST_KEY_UISupportedInterfaceOrientations_iPhone = "UIInterfaceOrientationPortrait UIInterfaceOrientationLandscapeLeft UIInterfaceOrientationLandscapeRight";
				IPHONEOS_DEPLOYMENT_TARGET = 15.0;
				LD_RUNPATH_SEARCH_PATHS = (
					"$(inherited)",
					"@executable_path/Frameworks",
				);
				MARKETING_VERSION = 1.0;
				PRODUCT_BUNDLE_IDENTIFIER = tw.com.BruceHuang.SwiftUIMapKitTutorial;
				PRODUCT_NAME = "$(TARGET_NAME)";
				SWIFT_EMIT_LOC_STRINGS = YES;
				SWIFT_VERSION = 5.0;
				TARGETED_DEVICE_FAMILY = "1,2";
			};
			name = Release;
		};
/* End XCBuildConfiguration section */

/* Begin XCConfigurationList section */
		7876626727C7D47000D27282 /* Build configuration list for PBXProject "SwiftUIMapKitTutorial" */ = {
			isa = XCConfigurationList;
			buildConfigurations = (
				7876627827C7D47100D27282 /* Debug */,
				7876627927C7D47100D27282 /* Release */,
			);
			defaultConfigurationIsVisible = 0;
			defaultConfigurationName = Release;
		};
		7876627A27C7D47100D27282 /* Build configuration list for PBXNativeTarget "SwiftUIMapKitTutorial" */ = {
			isa = XCConfigurationList;
			buildConfigurations = (
				7876627B27C7D47100D27282 /* Debug */,
				7876627C27C7D47100D27282 /* Release */,
			);
			defaultConfigurationIsVisible = 0;
			defaultConfigurationName = Release;
		};
/* End XCConfigurationList section */
	};
	rootObject = 7876626427C7D47000D27282 /* Project object */;
}
